
Microsoft Visual Studio Solution File, Format Version 12.00
# Visual Studio 15
VisualStudioVersion = 15.0.27428.2005
MinimumVisualStudioVersion = 10.0.40219.1
Project("{8BC9CEB8-8B4A-11D0-8D11-00A0C91BC942}") = "EternalSnow", "EternalSnow\EternalSnow.vcxproj", "{BB9A11D4-66A9-4703-9174-2C0EECB48C3E}"
EndProject
Project("{2150E333-8FDC-42A3-9474-1A3956D46DE8}") = "Solution Items", "Solution Items", "{47120B05-3A67-4159-B546-37BE4BCC9FE3}"
	ProjectSection(SolutionItems) = preProject
		.gitignore = .gitignore
		readme.txt = readme.txt
	EndProjectSection
EndProject
Global
	GlobalSection(SolutionConfigurationPlatforms) = preSolution
		Debug|x64 = Debug|x64
		Debug|x86 = Debug|x86
		Release|x64 = Release|x64
		Release|x86 = Release|x86
	EndGlobalSection
	GlobalSection(ProjectConfigurationPlatforms) = postSolution
		{BB9A11D4-66A9-4703-9174-2C0EECB48C3E}.Debug|x64.ActiveCfg = Debug|x64
		{BB9A11D4-66A9-4703-9174-2C0EECB48C3E}.Debug|x64.Build.0 = Debug|x64
		{BB9A11D4-66A9-4703-9174-2C0EECB48C3E}.Debug|x86.ActiveCfg = Debug|Win32
		{BB9A11D4-66A9-4703-9174-2C0EECB48C3E}.Debug|x86.Build.0 = Debug|Win32
		{BB9A11D4-66A9-4703-9174-2C0EECB48C3E}.Release|x64.ActiveCfg = Release|x64
		{BB9A11D4-66A9-4703-9174-2C0EECB48C3E}.Release|x64.Build.0 = Release|x64
		{BB9A11D4-66A9-4703-9174-2C0EECB48C3E}.Release|x86.ActiveCfg = Release|Win32
		{BB9A11D4-66A9-4703-9174-2C0EECB48C3E}.Release|x86.Build.0 = Release|Win32
	EndGlobalSection
	GlobalSection(SolutionProperties) = preSolution
		HideSolutionNode = FALSE
	EndGlobalSection
	GlobalSection(ExtensibilityGlobals) = postSolution
		SolutionGuid = {1BFC080B-7AD2-400A-9584-CD9E09389D1D}
	EndGlobalSection
EndGlobal
