<?xml version="1.0" encoding="utf-8"?>
<Project ToolsVersion="4.0" xmlns="http://schemas.microsoft.com/developer/msbuild/2003">
  <ItemGroup>
    <Filter Include="src">
      <UniqueIdentifier>{4FC737F1-C7A5-4376-A066-2A32D752A2FF}</UniqueIdentifier>
      <Extensions>cpp;c;cc;cxx;def;odl;idl;hpj;bat;asm;asmx</Extensions>
    </Filter>
    <Filter Include="src\rain-aeternum">
      <UniqueIdentifier>{8cd546e4-1d5a-4cbe-99e2-4e52eca6a208}</UniqueIdentifier>
    </Filter>
    <Filter Include="build">
      <UniqueIdentifier>{949c63eb-9b36-4e73-a321-9916edb815c3}</UniqueIdentifier>
    </Filter>
    <Filter Include="rc">
      <UniqueIdentifier>{57505977-fa96-4f49-a4c6-3774cbf8bf53}</UniqueIdentifier>
    </Filter>
  </ItemGroup>
  <ItemGroup>
    <ClCompile Include="..\src\main.cpp">
      <Filter>src</Filter>
    </ClCompile>
    <ClCompile Include="..\src\snow-particle.cpp">
      <Filter>src</Filter>
    </ClCompile>
    <ClCompile Include="..\src\user-data.cpp">
      <Filter>src</Filter>
    </ClCompile>
    <ClCompile Include="..\src\wnd-procs.cpp">
      <Filter>src</Filter>
    </ClCompile>
    <ClCompile Include="..\src\rain-aeternum\algorithm-libraries.cpp">
      <Filter>src\rain-aeternum</Filter>
    </ClCompile>
    <ClCompile Include="..\src\rain-aeternum\condition-variable.cpp">
      <Filter>src\rain-aeternum</Filter>
    </ClCompile>
    <ClCompile Include="..\src\rain-aeternum\config.cpp">
      <Filter>src\rain-aeternum</Filter>
    </ClCompile>
    <ClCompile Include="..\src\rain-aeternum\network-base.cpp">
      <Filter>src\rain-aeternum</Filter>
    </ClCompile>
    <ClCompile Include="..\src\rain-aeternum\network-client-manager.cpp">
      <Filter>src\rain-aeternum</Filter>
    </ClCompile>
    <ClCompile Include="..\src\rain-aeternum\network-headed-managers.cpp">
      <Filter>src\rain-aeternum</Filter>
    </ClCompile>
    <ClCompile Include="..\src\rain-aeternum\network-recv-param.cpp">
      <Filter>src\rain-aeternum</Filter>
    </ClCompile>
    <ClCompile Include="..\src\rain-aeternum\network-recv-thread.cpp">
      <Filter>src\rain-aeternum</Filter>
    </ClCompile>
    <ClCompile Include="..\src\rain-aeternum\network-server-manager.cpp">
      <Filter>src\rain-aeternum</Filter>
    </ClCompile>
    <ClCompile Include="..\src\rain-aeternum\network-smtp.cpp">
      <Filter>src\rain-aeternum</Filter>
    </ClCompile>
    <ClCompile Include="..\src\rain-aeternum\network-utility.cpp">
      <Filter>src\rain-aeternum</Filter>
    </ClCompile>
    <ClCompile Include="..\src\rain-aeternum\rain-window.cpp">
      <Filter>src\rain-aeternum</Filter>
    </ClCompile>
    <ClCompile Include="..\src\rain-aeternum\timer.cpp">
      <Filter>src\rain-aeternum</Filter>
    </ClCompile>
    <ClCompile Include="..\src\rain-aeternum\utility-error.cpp">
      <Filter>src\rain-aeternum</Filter>
    </ClCompile>
    <ClCompile Include="..\src\rain-aeternum\utility-filesystem.cpp">
      <Filter>src\rain-aeternum</Filter>
    </ClCompile>
    <ClCompile Include="..\src\rain-aeternum\utility-libraries.cpp">
      <Filter>src\rain-aeternum</Filter>
    </ClCompile>
    <ClCompile Include="..\src\rain-aeternum\utility-logging.cpp">
      <Filter>src\rain-aeternum</Filter>
    </ClCompile>
    <ClCompile Include="..\src\rain-aeternum\utility-string.cpp">
      <Filter>src\rain-aeternum</Filter>
    </ClCompile>
    <ClCompile Include="..\src\rain-aeternum\utility-time.cpp">
      <Filter>src\rain-aeternum</Filter>
    </ClCompile>
  </ItemGroup>
  <ItemGroup>
    <ClInclude Include="..\src\main.h">
      <Filter>src</Filter>
    </ClInclude>
    <ClInclude Include="..\src\snow-particle.h">
      <Filter>src</Filter>
    </ClInclude>
    <ClInclude Include="..\src\user-data.h">
      <Filter>src</Filter>
    </ClInclude>
    <ClInclude Include="..\src\wnd-procs.h">
      <Filter>src</Filter>
    </ClInclude>
    <ClInclude Include="..\src\rain-aeternum\algorithm-libraries.h">
      <Filter>src\rain-aeternum</Filter>
    </ClInclude>
    <ClInclude Include="..\src\rain-aeternum\condition-variable.h">
      <Filter>src\rain-aeternum</Filter>
    </ClInclude>
    <ClInclude Include="..\src\rain-aeternum\config.h">
      <Filter>src\rain-aeternum</Filter>
    </ClInclude>
    <ClInclude Include="..\src\rain-aeternum\gdi-plus-include.h">
      <Filter>src\rain-aeternum</Filter>
    </ClInclude>
    <ClInclude Include="..\src\rain-aeternum\network-base.h">
      <Filter>src\rain-aeternum</Filter>
    </ClInclude>
    <ClInclude Include="..\src\rain-aeternum\network-client-manager.h">
      <Filter>src\rain-aeternum</Filter>
    </ClInclude>
    <ClInclude Include="..\src\rain-aeternum\network-headed-managers.h">
      <Filter>src\rain-aeternum</Filter>
    </ClInclude>
    <ClInclude Include="..\src\rain-aeternum\network-libraries.h">
      <Filter>src\rain-aeternum</Filter>
    </ClInclude>
    <ClInclude Include="..\src\rain-aeternum\network-recv-param.h">
      <Filter>src\rain-aeternum</Filter>
    </ClInclude>
    <ClInclude Include="..\src\rain-aeternum\network-recv-thread.h">
      <Filter>src\rain-aeternum</Filter>
    </ClInclude>
    <ClInclude Include="..\src\rain-aeternum\network-server-manager.h">
      <Filter>src\rain-aeternum</Filter>
    </ClInclude>
    <ClInclude Include="..\src\rain-aeternum\network-smtp.h">
      <Filter>src\rain-aeternum</Filter>
    </ClInclude>
    <ClInclude Include="..\src\rain-aeternum\network-socket-manager.h">
      <Filter>src\rain-aeternum</Filter>
    </ClInclude>
    <ClInclude Include="..\src\rain-aeternum\network-utility.h">
      <Filter>src\rain-aeternum</Filter>
    </ClInclude>
    <ClInclude Include="..\src\rain-aeternum\network-wsa-include.h">
      <Filter>src\rain-aeternum</Filter>
    </ClInclude>
    <ClInclude Include="..\src\rain-aeternum\rain-libraries.h">
      <Filter>src\rain-aeternum</Filter>
    </ClInclude>
    <ClInclude Include="..\src\rain-aeternum\rain-window.h">
      <Filter>src\rain-aeternum</Filter>
    </ClInclude>
    <ClInclude Include="..\src\rain-aeternum\timer.h">
      <Filter>src\rain-aeternum</Filter>
    </ClInclude>
    <ClInclude Include="..\src\rain-aeternum\utility-error.h">
      <Filter>src\rain-aeternum</Filter>
    </ClInclude>
    <ClInclude Include="..\src\rain-aeternum\utility-filesystem.h">
      <Filter>src\rain-aeternum</Filter>
    </ClInclude>
    <ClInclude Include="..\src\rain-aeternum\utility-libraries.h">
      <Filter>src\rain-aeternum</Filter>
    </ClInclude>
    <ClInclude Include="..\src\rain-aeternum\utility-logging.h">
      <Filter>src\rain-aeternum</Filter>
    </ClInclude>
    <ClInclude Include="..\src\rain-aeternum\utility-string.h">
      <Filter>src\rain-aeternum</Filter>
    </ClInclude>
    <ClInclude Include="..\src\rain-aeternum\utility-time.h">
      <Filter>src\rain-aeternum</Filter>
    </ClInclude>
    <ClInclude Include="..\src\rain-aeternum\windows-lam-include.h">
      <Filter>src\rain-aeternum</Filter>
    </ClInclude>
    <ClInclude Include="..\rc\build.h">
      <Filter>rc</Filter>
    </ClInclude>
  </ItemGroup>
  <ItemGroup>
    <None Include="..\build\build-inc.bat">
      <Filter>build</Filter>
    </None>
    <None Include="..\build\post-build-event.bat">
      <Filter>build</Filter>
    </None>
    <None Include="..\build\pre-build-event.bat">
      <Filter>build</Filter>
    </None>
    <None Include="..\.gitignore" />
    <None Include="..\changelog.md" />
    <None Include="..\readme.md" />
  </ItemGroup>
  <ItemGroup>
    <Image Include="..\rc\icon.ico">
      <Filter>rc</Filter>
    </Image>
  </ItemGroup>
  <ItemGroup>
    <ResourceCompile Include="..\rc\rc.rc">
      <Filter>rc</Filter>
    </ResourceCompile>
  </ItemGroup>
</Project>